
Microsoft Visual Studio Solution File, Format Version 12.00
# Visual Studio Version 17
VisualStudioVersion = 17.3.32825.248
MinimumVisualStudioVersion = 10.0.40219.1
Project("{8BC9CEB8-8B4A-11D0-8D11-00A0C91BC942}") = "campus_tour_guide_consultation", "campus_tour_guide_consultation\campus_tour_guide_consultation.vcxproj", "{E57F8553-8D2E-411D-98C8-DF4D67D496E9}"
EndProject
Global
	GlobalSection(SolutionConfigurationPlatforms) = preSolution
		Debug|x64 = Debug|x64
		Debug|x86 = Debug|x86
		Release|x64 = Release|x64
		Release|x86 = Release|x86
	EndGlobalSection
	GlobalSection(ProjectConfigurationPlatforms) = postSolution
		{E57F8553-8D2E-411D-98C8-DF4D67D496E9}.Debug|x64.ActiveCfg = Debug|x64
		{E57F8553-8D2E-411D-98C8-DF4D67D496E9}.Debug|x64.Build.0 = Debug|x64
		{E57F8553-8D2E-411D-98C8-DF4D67D496E9}.Debug|x86.ActiveCfg = Debug|Win32
		{E57F8553-8D2E-411D-98C8-DF4D67D496E9}.Debug|x86.Build.0 = Debug|Win32
		{E57F8553-8D2E-411D-98C8-DF4D67D496E9}.Release|x64.ActiveCfg = Release|x64
		{E57F8553-8D2E-411D-98C8-DF4D67D496E9}.Release|x64.Build.0 = Release|x64
		{E57F8553-8D2E-411D-98C8-DF4D67D496E9}.Release|x86.ActiveCfg = Release|Win32
		{E57F8553-8D2E-411D-98C8-DF4D67D496E9}.Release|x86.Build.0 = Release|Win32
	EndGlobalSection
	GlobalSection(SolutionProperties) = preSolution
		HideSolutionNode = FALSE
	EndGlobalSection
	GlobalSection(ExtensibilityGlobals) = postSolution
		SolutionGuid = {AEE2AD36-191A-4A92-AB16-CD42A870C273}
	EndGlobalSection
EndGlobal
